{
  "source_commit": "253311e2cd4dc2a612e5ebac8c35358f877214dc",
  "working_tree_dirty": true,
  "generated_at": "2026-09-07T00:58:38Z",
  "scanned_scope": [
    "."
  ],
  "excluded_directories": [
    ".agents",
    ".cache",
    ".git",
    ".hg",
    ".next",
    ".nuxt",
    ".obsidian",
    ".svn",
    ".turbo",
    ".venv",
    ".vscode",
    "__pycache__",
    "build",
    "coverage",
    "dist",
    "docs/codemap",
    "generated",
    "node_modules",
    "out",
    "target",
    "vendor",
    "venv"
  ],
  "fingerprint_algorithm": "sha256-path-content-v2",
  "modules": [
    {
      "id": ".",
      "path": ".",
      "file_count": 16,
      "fingerprint": "bf035dd1d56ce652d86ca2b582f624f5609b18938e5808848b0670eba857e69d"
    },
    {
      "id": ".github",
      "path": ".github",
      "file_count": 8,
      "fingerprint": "78d38f59475a4bb35c37245a22b7eb0ff4d189c0f5af77ddb397d985a33cb483"
    },
    {
      "id": "docs",
      "path": "docs",
      "file_count": 21,
      "fingerprint": "4aa70cd5ac1a49940acd71d87ed554158a3b9edba9826ecf6d29b3e3d3367acf"
    },
    {
      "id": "examples",
      "path": "examples",
      "file_count": 37,
      "fingerprint": "b3c5e145d8e8894a5e0ab12ec334c4b1648ee7081434d682d2c3bc6b96e5461e"
    },
    {
      "id": "scripts",
      "path": "scripts",
      "file_count": 9,
      "fingerprint": "c11bca69a8182121794bd884882f4f0217791895bd0a62513b7b89c21231f5fd"
    },
    {
      "id": "src",
      "path": "src",
      "file_count": 110,
      "fingerprint": "58e2e0fe16b88ac75d1c5611f5f2fbec3d1863541d8a5dedfd4975c8b8413ab2"
    },
    {
      "id": "src-tauri",
      "path": "src-tauri",
      "file_count": 67,
      "fingerprint": "6b91e31a321c03901d76a2d50f9c09969957b429f475cfcd1b1c3db5c27a7876"
    }
  ]
}
